
Microsoft Visual Studio Solution File, Format Version 12.00
# Visual Studio Version 16
VisualStudioVersion = 16.0.30907.101
MinimumVisualStudioVersion = 10.0.40219.1
Project("{FAE04EC0-301F-11D3-BF4B-00C04F79EFBC}") = "EDMCreation.Core", "EDMCreation.Core\EDMCreation.Core.csproj", "{F27144CD-72E4-4481-BB4F-B38F79A1F5C9}"
EndProject
Project("{FAE04EC0-301F-11D3-BF4B-00C04F79EFBC}") = "EDMCreation.Wpf", "EDMCreation.Wpf\EDMCreation.Wpf.csproj", "{6191B451-53AF-44B6-BF8C-3D8557CEB098}"
EndProject
Global
	GlobalSection(SolutionConfigurationPlatforms) = preSolution
		Debug|Any CPU = Debug|Any CPU
		Release|Any CPU = Release|Any CPU
	EndGlobalSection
	GlobalSection(ProjectConfigurationPlatforms) = postSolution
		{F27144CD-72E4-4481-BB4F-B38F79A1F5C9}.Debug|Any CPU.ActiveCfg = Debug|Any CPU
		{F27144CD-72E4-4481-BB4F-B38F79A1F5C9}.Debug|Any CPU.Build.0 = Debug|Any CPU
		{F27144CD-72E4-4481-BB4F-B38F79A1F5C9}.Release|Any CPU.ActiveCfg = Release|Any CPU
		{F27144CD-72E4-4481-BB4F-B38F79A1F5C9}.Release|Any CPU.Build.0 = Release|Any CPU
		{6191B451-53AF-44B6-BF8C-3D8557CEB098}.Debug|Any CPU.ActiveCfg = Debug|Any CPU
		{6191B451-53AF-44B6-BF8C-3D8557CEB098}.Debug|Any CPU.Build.0 = Debug|Any CPU
		{6191B451-53AF-44B6-BF8C-3D8557CEB098}.Release|Any CPU.ActiveCfg = Release|Any CPU
		{6191B451-53AF-44B6-BF8C-3D8557CEB098}.Release|Any CPU.Build.0 = Release|Any CPU
	EndGlobalSection
	GlobalSection(SolutionProperties) = preSolution
		HideSolutionNode = FALSE
	EndGlobalSection
	GlobalSection(ExtensibilityGlobals) = postSolution
		SolutionGuid = {E2B7C799-6658-406B-B3B4-EDC7CA9A359E}
	EndGlobalSection
EndGlobal
